
Microsoft Visual Studio Solution File, Format Version 12.00
# Visual Studio Version 17
VisualStudioVersion = 17.14.36414.22 d17.14
MinimumVisualStudioVersion = 10.0.40219.1
Project("{8BC9CEB8-8B4A-11D0-8D11-00A0C91BC942}") = "SivShaderToys", "SivShaderToys\SivShaderToys.vcxproj", "{35BEF28B-FC7D-4125-B39F-B28326E2DA43}"
EndProject
Global
	GlobalSection(SolutionConfigurationPlatforms) = preSolution
		Debug|x64 = Debug|x64
		Release|x64 = Release|x64
	EndGlobalSection
	GlobalSection(ProjectConfigurationPlatforms) = postSolution
		{35BEF28B-FC7D-4125-B39F-B28326E2DA43}.Debug|x64.ActiveCfg = Debug|x64
		{35BEF28B-FC7D-4125-B39F-B28326E2DA43}.Debug|x64.Build.0 = Debug|x64
		{35BEF28B-FC7D-4125-B39F-B28326E2DA43}.Release|x64.ActiveCfg = Release|x64
		{35BEF28B-FC7D-4125-B39F-B28326E2DA43}.Release|x64.Build.0 = Release|x64
	EndGlobalSection
	GlobalSection(SolutionProperties) = preSolution
		HideSolutionNode = FALSE
	EndGlobalSection
	GlobalSection(ExtensibilityGlobals) = postSolution
		SolutionGuid = {54B0BA95-377D-439D-BA46-3C14F654F036}
	EndGlobalSection
EndGlobal
